// !$*UTF8*$!
{
	archiveVersion = 1;
	classes = {
	};
	objectVersion = 46;
	objects = {

/* Begin PBXBuildFile section */
		AE325CCF1E9DA5A2000A74A8 /* AddSongVC.swift in Sources */ = {isa = PBXBuildFile; fileRef = AE325CCE1E9DA5A2000A74A8 /* AddSongVC.swift */; };
		AE492DE41EA27F4900C3B8C8 /* SaveAnArrayVC.swift in Sources */ = {isa = PBXBuildFile; fileRef = AE492DE31EA27F4900C3B8C8 /* SaveAnArrayVC.swift */; };
		AE5FC2ED1E9D972E00D625FE /* AppDelegate.swift in Sources */ = {isa = PBXBuildFile; fileRef = AE5FC2EC1E9D972E00D625FE /* AppDelegate.swift */; };
		AE5FC2F21E9D972E00D625FE /* Main.storyboard in Resources */ = {isa = PBXBuildFile; fileRef = AE5FC2F01E9D972E00D625FE /* Main.storyboard */; };
		AE5FC2F41E9D972E00D625FE /* Assets.xcassets in Resources */ = {isa = PBXBuildFile; fileRef = AE5FC2F31E9D972E00D625FE /* Assets.xcassets */; };
		AE5FC2F71E9D972E00D625FE /* LaunchScreen.storyboard in Resources */ = {isa = PBXBuildFile; fileRef = AE5FC2F51E9D972E00D625FE /* LaunchScreen.storyboard */; };
		AE5FC3021E9D972E00D625FE /* Core_Data_With_Swift_3Tests.swift in Sources */ = {isa = PBXBuildFile; fileRef = AE5FC3011E9D972E00D625FE /* Core_Data_With_Swift_3Tests.swift */; };
		AE5FC3131E9D9AD400D625FE /* TableUsingFetchedResultsController.swift in Sources */ = {isa = PBXBuildFile; fileRef = AE5FC3121E9D9AD400D625FE /* TableUsingFetchedResultsController.swift */; };
		AE5FC3151E9D9B0500D625FE /* ViewUsingNoManagedObjectVC.swift in Sources */ = {isa = PBXBuildFile; fileRef = AE5FC3141E9D9B0500D625FE /* ViewUsingNoManagedObjectVC.swift */; };
		AE5FC3171E9D9B2000D625FE /* ViewUsingAManagedObjectVC.swift in Sources */ = {isa = PBXBuildFile; fileRef = AE5FC3161E9D9B2000D625FE /* ViewUsingAManagedObjectVC.swift */; };
		AE5FC31B1E9DA4C900D625FE /* SongTableViewCell.swift in Sources */ = {isa = PBXBuildFile; fileRef = AE5FC31A1E9DA4C900D625FE /* SongTableViewCell.swift */; };
		AEC7B9E21E9EF0DB00323979 /* PersistentStack.swift in Sources */ = {isa = PBXBuildFile; fileRef = AEC7B9E11E9EF0DB00323979 /* PersistentStack.swift */; };
		AEC7B9E51E9EF11400323979 /* KefTestModel.xcdatamodeld in Sources */ = {isa = PBXBuildFile; fileRef = AEC7B9E31E9EF11400323979 /* KefTestModel.xcdatamodeld */; };
		AEC7B9E81E9EF46100323979 /* EmployeeMO+CoreDataClass.swift in Sources */ = {isa = PBXBuildFile; fileRef = AEC7B9E61E9EF46100323979 /* EmployeeMO+CoreDataClass.swift */; };
		AEC7B9E91E9EF46100323979 /* EmployeeMO+CoreDataProperties.swift in Sources */ = {isa = PBXBuildFile; fileRef = AEC7B9E71E9EF46100323979 /* EmployeeMO+CoreDataProperties.swift */; };
/* End PBXBuildFile section */

/* Begin PBXContainerItemProxy section */
		AE5FC2FE1E9D972E00D625FE /* PBXContainerItemProxy */ = {
			isa = PBXContainerItemProxy;
			containerPortal = AE5FC2E11E9D972D00D625FE /* Project object */;
			proxyType = 1;
			remoteGlobalIDString = AE5FC2E81E9D972D00D625FE;
			remoteInfo = Core_Data_With_Swift_3;
		};
/* End PBXContainerItemProxy section */

/* Begin PBXFileReference section */
		AE325CCE1E9DA5A2000A74A8 /* AddSongVC.swift */ = {isa = PBXFileReference; fileEncoding = 4; lastKnownFileType = sourcecode.swift; path = AddSongVC.swift; sourceTree = "<group>"; };
		AE492DE31EA27F4900C3B8C8 /* SaveAnArrayVC.swift */ = {isa = PBXFileReference; fileEncoding = 4; lastKnownFileType = sourcecode.swift; path = SaveAnArrayVC.swift; sourceTree = "<group>"; };
		AE5FC2E91E9D972E00D625FE /* Core_Data_With_Swift_3.app */ = {isa = PBXFileReference; explicitFileType = wrapper.application; includeInIndex = 0; path = Core_Data_With_Swift_3.app; sourceTree = BUILT_PRODUCTS_DIR; };
		AE5FC2EC1E9D972E00D625FE /* AppDelegate.swift */ = {isa = PBXFileReference; lastKnownFileType = sourcecode.swift; path = AppDelegate.swift; sourceTree = "<group>"; };
		AE5FC2F11E9D972E00D625FE /* Base */ = {isa = PBXFileReference; lastKnownFileType = file.storyboard; name = Base; path = Base.lproj/Main.storyboard; sourceTree = "<group>"; };
		AE5FC2F31E9D972E00D625FE /* Assets.xcassets */ = {isa = PBXFileReference; lastKnownFileType = folder.assetcatalog; path = Assets.xcassets; sourceTree = "<group>"; };
		AE5FC2F61E9D972E00D625FE /* Base */ = {isa = PBXFileReference; lastKnownFileType = file.storyboard; name = Base; path = Base.lproj/LaunchScreen.storyboard; sourceTree = "<group>"; };
		AE5FC2F81E9D972E00D625FE /* Info.plist */ = {isa = PBXFileReference; lastKnownFileType = text.plist.xml; path = Info.plist; sourceTree = "<group>"; };
		AE5FC2FD1E9D972E00D625FE /* Core_Data_With_Swift_3Tests.xctest */ = {isa = PBXFileReference; explicitFileType = wrapper.cfbundle; includeInIndex = 0; path = Core_Data_With_Swift_3Tests.xctest; sourceTree = BUILT_PRODUCTS_DIR; };
		AE5FC3011E9D972E00D625FE /* Core_Data_With_Swift_3Tests.swift */ = {isa = PBXFileReference; lastKnownFileType = sourcecode.swift; path = Core_Data_With_Swift_3Tests.swift; sourceTree = "<group>"; };
		AE5FC3031E9D972E00D625FE /* Info.plist */ = {isa = PBXFileReference; lastKnownFileType = text.plist.xml; path = Info.plist; sourceTree = "<group>"; };
		AE5FC3121E9D9AD400D625FE /* TableUsingFetchedResultsController.swift */ = {isa = PBXFileReference; fileEncoding = 4; lastKnownFileType = sourcecode.swift; path = TableUsingFetchedResultsController.swift; sourceTree = "<group>"; };
		AE5FC3141E9D9B0500D625FE /* ViewUsingNoManagedObjectVC.swift */ = {isa = PBXFileReference; fileEncoding = 4; lastKnownFileType = sourcecode.swift; path = ViewUsingNoManagedObjectVC.swift; sourceTree = "<group>"; };
		AE5FC3161E9D9B2000D625FE /* ViewUsingAManagedObjectVC.swift */ = {isa = PBXFileReference; fileEncoding = 4; lastKnownFileType = sourcecode.swift; path = ViewUsingAManagedObjectVC.swift; sourceTree = "<group>"; };
		AE5FC31A1E9DA4C900D625FE /* SongTableViewCell.swift */ = {isa = PBXFileReference; fileEncoding = 4; lastKnownFileType = sourcecode.swift; path = SongTableViewCell.swift; sourceTree = "<group>"; };
		AEC7B9E11E9EF0DB00323979 /* PersistentStack.swift */ = {isa = PBXFileReference; fileEncoding = 4; lastKnownFileType = sourcecode.swift; path = PersistentStack.swift; sourceTree = "<group>"; };
		AEC7B9E41E9EF11400323979 /* KefTestModel.xcdatamodel */ = {isa = PBXFileReference; lastKnownFileType = wrapper.xcdatamodel; path = KefTestModel.xcdatamodel; sourceTree = "<group>"; };
		AEC7B9E61E9EF46100323979 /* EmployeeMO+CoreDataClass.swift */ = {isa = PBXFileReference; fileEncoding = 4; lastKnownFileType = sourcecode.swift; path = "EmployeeMO+CoreDataClass.swift"; sourceTree = "<group>"; };
		AEC7B9E71E9EF46100323979 /* EmployeeMO+CoreDataProperties.swift */ = {isa = PBXFileReference; fileEncoding = 4; lastKnownFileType = sourcecode.swift; path = "EmployeeMO+CoreDataProperties.swift"; sourceTree = "<group>"; };
/* End PBXFileReference section */

/* Begin PBXFrameworksBuildPhase section */
		AE5FC2E61E9D972D00D625FE /* Frameworks */ = {
			isa = PBXFrameworksBuildPhase;
			buildActionMask = 2147483647;
			files = (
			);
			runOnlyForDeploymentPostprocessing = 0;
		};
		AE5FC2FA1E9D972E00D625FE /* Frameworks */ = {
			isa = PBXFrameworksBuildPhase;
			buildActionMask = 2147483647;
			files = (
			);
			runOnlyForDeploymentPostprocessing = 0;
		};
/* End PBXFrameworksBuildPhase section */

/* Begin PBXGroup section */
		AE5FC2E01E9D972D00D625FE = {
			isa = PBXGroup;
			children = (
				AE5FC2EB1E9D972E00D625FE /* Core_Data_With_Swift_3 */,
				AE5FC3001E9D972E00D625FE /* Core_Data_With_Swift_3Tests */,
				AE5FC2EA1E9D972E00D625FE /* Products */,
			);
			sourceTree = "<group>";
		};
		AE5FC2EA1E9D972E00D625FE /* Products */ = {
			isa = PBXGroup;
			children = (
				AE5FC2E91E9D972E00D625FE /* Core_Data_With_Swift_3.app */,
				AE5FC2FD1E9D972E00D625FE /* Core_Data_With_Swift_3Tests.xctest */,
			);
			name = Products;
			sourceTree = "<group>";
		};
		AE5FC2EB1E9D972E00D625FE /* Core_Data_With_Swift_3 */ = {
			isa = PBXGroup;
			children = (
				AEC7B9E61E9EF46100323979 /* EmployeeMO+CoreDataClass.swift */,
				AEC7B9E71E9EF46100323979 /* EmployeeMO+CoreDataProperties.swift */,
				AE325CCE1E9DA5A2000A74A8 /* AddSongVC.swift */,
				AE5FC2EC1E9D972E00D625FE /* AppDelegate.swift */,
				AE492DE31EA27F4900C3B8C8 /* SaveAnArrayVC.swift */,
				AE5FC31A1E9DA4C900D625FE /* SongTableViewCell.swift */,
				AE5FC3121E9D9AD400D625FE /* TableUsingFetchedResultsController.swift */,
				AE5FC3141E9D9B0500D625FE /* ViewUsingNoManagedObjectVC.swift */,
				AE5FC3161E9D9B2000D625FE /* ViewUsingAManagedObjectVC.swift */,
				AE5FC2F01E9D972E00D625FE /* Main.storyboard */,
				AE5FC2F31E9D972E00D625FE /* Assets.xcassets */,
				AE5FC2F51E9D972E00D625FE /* LaunchScreen.storyboard */,
				AE5FC2F81E9D972E00D625FE /* Info.plist */,
				AEC7B9E11E9EF0DB00323979 /* PersistentStack.swift */,
				AEC7B9E31E9EF11400323979 /* KefTestModel.xcdatamodeld */,
			);
			path = Core_Data_With_Swift_3;
			sourceTree = "<group>";
		};
		AE5FC3001E9D972E00D625FE /* Core_Data_With_Swift_3Tests */ = {
			isa = PBXGroup;
			children = (
				AE5FC3011E9D972E00D625FE /* Core_Data_With_Swift_3Tests.swift */,
				AE5FC3031E9D972E00D625FE /* Info.plist */,
			);
			path = Core_Data_With_Swift_3Tests;
			sourceTree = "<group>";
		};
/* End PBXGroup section */

/* Begin PBXNativeTarget section */
		AE5FC2E81E9D972D00D625FE /* Core_Data_With_Swift_3 */ = {
			isa = PBXNativeTarget;
			buildConfigurationList = AE5FC3061E9D972E00D625FE /* Build configuration list for PBXNativeTarget "Core_Data_With_Swift_3" */;
			buildPhases = (
				AE5FC2E51E9D972D00D625FE /* Sources */,
				AE5FC2E61E9D972D00D625FE /* Frameworks */,
				AE5FC2E71E9D972D00D625FE /* Resources */,
			);
			buildRules = (
			);
			dependencies = (
			);
			name = Core_Data_With_Swift_3;
			productName = Core_Data_With_Swift_3;
			productReference = AE5FC2E91E9D972E00D625FE /* Core_Data_With_Swift_3.app */;
			productType = "com.apple.product-type.application";
		};
		AE5FC2FC1E9D972E00D625FE /* Core_Data_With_Swift_3Tests */ = {
			isa = PBXNativeTarget;
			buildConfigurationList = AE5FC3091E9D972E00D625FE /* Build configuration list for PBXNativeTarget "Core_Data_With_Swift_3Tests" */;
			buildPhases = (
				AE5FC2F91E9D972E00D625FE /* Sources */,
				AE5FC2FA1E9D972E00D625FE /* Frameworks */,
				AE5FC2FB1E9D972E00D625FE /* Resources */,
			);
			buildRules = (
			);
			dependencies = (
				AE5FC2FF1E9D972E00D625FE /* PBXTargetDependency */,
			);
			name = Core_Data_With_Swift_3Tests;
			productName = Core_Data_With_Swift_3Tests;
			productReference = AE5FC2FD1E9D972E00D625FE /* Core_Data_With_Swift_3Tests.xctest */;
			productType = "com.apple.product-type.bundle.unit-test";
		};
/* End PBXNativeTarget section */

/* Begin PBXProject section */
		AE5FC2E11E9D972D00D625FE /* Project object */ = {
			isa = PBXProject;
			attributes = {
				LastSwiftUpdateCheck = 0820;
				LastUpgradeCheck = 0820;
				ORGANIZATIONNAME = "Franks, Kent";
				TargetAttributes = {
					AE5FC2E81E9D972D00D625FE = {
						CreatedOnToolsVersion = 8.2.1;
						DevelopmentTeam = 46K95RX8SY;
						ProvisioningStyle = Automatic;
					};
					AE5FC2FC1E9D972E00D625FE = {
						CreatedOnToolsVersion = 8.2.1;
						DevelopmentTeam = 46K95RX8SY;
						ProvisioningStyle = Automatic;
						TestTargetID = AE5FC2E81E9D972D00D625FE;
					};
				};
			};
			buildConfigurationList = AE5FC2E41E9D972D00D625FE /* Build configuration list for PBXProject "Core_Data_With_Swift_3" */;
			compatibilityVersion = "Xcode 3.2";
			developmentRegion = English;
			hasScannedForEncodings = 0;
			knownRegions = (
				en,
				Base,
			);
			mainGroup = AE5FC2E01E9D972D00D625FE;
			productRefGroup = AE5FC2EA1E9D972E00D625FE /* Products */;
			projectDirPath = "";
			projectRoot = "";
			targets = (
				AE5FC2E81E9D972D00D625FE /* Core_Data_With_Swift_3 */,
				AE5FC2FC1E9D972E00D625FE /* Core_Data_With_Swift_3Tests */,
			);
		};
/* End PBXProject section */

/* Begin PBXResourcesBuildPhase section */
		AE5FC2E71E9D972D00D625FE /* Resources */ = {
			isa = PBXResourcesBuildPhase;
			buildActionMask = 2147483647;
			files = (
				AE5FC2F71E9D972E00D625FE /* LaunchScreen.storyboard in Resources */,
				AE5FC2F41E9D972E00D625FE /* Assets.xcassets in Resources */,
				AE5FC2F21E9D972E00D625FE /* Main.storyboard in Resources */,
			);
			runOnlyForDeploymentPostprocessing = 0;
		};
		AE5FC2FB1E9D972E00D625FE /* Resources */ = {
			isa = PBXResourcesBuildPhase;
			buildActionMask = 2147483647;
			files = (
			);
			runOnlyForDeploymentPostprocessing = 0;
		};
/* End PBXResourcesBuildPhase section */

/* Begin PBXSourcesBuildPhase section */
		AE5FC2E51E9D972D00D625FE /* Sources */ = {
			isa = PBXSourcesBuildPhase;
			buildActionMask = 2147483647;
			files = (
				AEC7B9E51E9EF11400323979 /* KefTestModel.xcdatamodeld in Sources */,
				AE5FC31B1E9DA4C900D625FE /* SongTableViewCell.swift in Sources */,
				AE492DE41EA27F4900C3B8C8 /* SaveAnArrayVC.swift in Sources */,
				AEC7B9E21E9EF0DB00323979 /* PersistentStack.swift in Sources */,
				AE5FC2ED1E9D972E00D625FE /* AppDelegate.swift in Sources */,
				AE5FC3171E9D9B2000D625FE /* ViewUsingAManagedObjectVC.swift in Sources */,
				AEC7B9E91E9EF46100323979 /* EmployeeMO+CoreDataProperties.swift in Sources */,
				AE325CCF1E9DA5A2000A74A8 /* AddSongVC.swift in Sources */,
				AE5FC3131E9D9AD400D625FE /* TableUsingFetchedResultsController.swift in Sources */,
				AE5FC3151E9D9B0500D625FE /* ViewUsingNoManagedObjectVC.swift in Sources */,
				AEC7B9E81E9EF46100323979 /* EmployeeMO+CoreDataClass.swift in Sources */,
			);
			runOnlyForDeploymentPostprocessing = 0;
		};
		AE5FC2F91E9D972E00D625FE /* Sources */ = {
			isa = PBXSourcesBuildPhase;
			buildActionMask = 2147483647;
			files = (
				AE5FC3021E9D972E00D625FE /* Core_Data_With_Swift_3Tests.swift in Sources */,
			);
			runOnlyForDeploymentPostprocessing = 0;
		};
/* End PBXSourcesBuildPhase section */

/* Begin PBXTargetDependency section */
		AE5FC2FF1E9D972E00D625FE /* PBXTargetDependency */ = {
			isa = PBXTargetDependency;
			target = AE5FC2E81E9D972D00D625FE /* Core_Data_With_Swift_3 */;
			targetProxy = AE5FC2FE1E9D972E00D625FE /* PBXContainerItemProxy */;
		};
/* End PBXTargetDependency section */

/* Begin PBXVariantGroup section */
		AE5FC2F01E9D972E00D625FE /* Main.storyboard */ = {
			isa = PBXVariantGroup;
			children = (
				AE5FC2F11E9D972E00D625FE /* Base */,
			);
			name = Main.storyboard;
			sourceTree = "<group>";
		};
		AE5FC2F51E9D972E00D625FE /* LaunchScreen.storyboard */ = {
			isa = PBXVariantGroup;
			children = (
				AE5FC2F61E9D972E00D625FE /* Base */,
			);
			name = LaunchScreen.storyboard;
			sourceTree = "<group>";
		};
/* End PBXVariantGroup section */

/* Begin XCBuildConfiguration section */
		AE5FC3041E9D972E00D625FE /* Debug */ = {
			isa = XCBuildConfiguration;
			buildSettings = {
				ALWAYS_SEARCH_USER_PATHS = NO;
				CLANG_ANALYZER_NONNULL = YES;
				CLANG_CXX_LANGUAGE_STANDARD = "gnu++0x";
				CLANG_CXX_LIBRARY = "libc++";
				CLANG_ENABLE_MODULES = YES;
				CLANG_ENABLE_OBJC_ARC = YES;
				CLANG_WARN_BOOL_CONVERSION = YES;
				CLANG_WARN_CONSTANT_CONVERSION = YES;
				CLANG_WARN_DIRECT_OBJC_ISA_USAGE = YES_ERROR;
				CLANG_WARN_DOCUMENTATION_COMMENTS = YES;
				CLANG_WARN_EMPTY_BODY = YES;
				CLANG_WARN_ENUM_CONVERSION = YES;
				CLANG_WARN_INFINITE_RECURSION = YES;
				CLANG_WARN_INT_CONVERSION = YES;
				CLANG_WARN_OBJC_ROOT_CLASS = YES_ERROR;
				CLANG_WARN_SUSPICIOUS_MOVE = YES;
				CLANG_WARN_UNREACHABLE_CODE = YES;
				CLANG_WARN__DUPLICATE_METHOD_MATCH = YES;
				"CODE_SIGN_IDENTITY[sdk=iphoneos*]" = "iPhone Developer";
				COPY_PHASE_STRIP = NO;
				DEBUG_INFORMATION_FORMAT = dwarf;
				ENABLE_STRICT_OBJC_MSGSEND = YES;
				ENABLE_TESTABILITY = YES;
				GCC_C_LANGUAGE_STANDARD = gnu99;
				GCC_DYNAMIC_NO_PIC = NO;
				GCC_NO_COMMON_BLOCKS = YES;
				GCC_OPTIMIZATION_LEVEL = 0;
				GCC_PREPROCESSOR_DEFINITIONS = (
					"DEBUG=1",
					"$(inherited)",
				);
				GCC_WARN_64_TO_32_BIT_CONVERSION = YES;
				GCC_WARN_ABOUT_RETURN_TYPE = YES_ERROR;
				GCC_WARN_UNDECLARED_SELECTOR = YES;
				GCC_WARN_UNINITIALIZED_AUTOS = YES_AGGRESSIVE;
				GCC_WARN_UNUSED_FUNCTION = YES;
				GCC_WARN_UNUSED_VARIABLE = YES;
				IPHONEOS_DEPLOYMENT_TARGET = 10.2;
				MTL_ENABLE_DEBUG_INFO = YES;
				ONLY_ACTIVE_ARCH = YES;
				SDKROOT = iphoneos;
				SWIFT_ACTIVE_COMPILATION_CONDITIONS = DEBUG;
				SWIFT_OPTIMIZATION_LEVEL = "-Onone";
			};
			name = Debug;
		};
		AE5FC3051E9D972E00D625FE /* Release */ = {
			isa = XCBuildConfiguration;
			buildSettings = {
				ALWAYS_SEARCH_USER_PATHS = NO;
				CLANG_ANALYZER_NONNULL = YES;
				CLANG_CXX_LANGUAGE_STANDARD = "gnu++0x";
				CLANG_CXX_LIBRARY = "libc++";
				CLANG_ENABLE_MODULES = YES;
				CLANG_ENABLE_OBJC_ARC = YES;
				CLANG_WARN_BOOL_CONVERSION = YES;
				CLANG_WARN_CONSTANT_CONVERSION = YES;
				CLANG_WARN_DIRECT_OBJC_ISA_USAGE = YES_ERROR;
				CLANG_WARN_DOCUMENTATION_COMMENTS = YES;
				CLANG_WARN_EMPTY_BODY = YES;
				CLANG_WARN_ENUM_CONVERSION = YES;
				CLANG_WARN_INFINITE_RECURSION = YES;
				CLANG_WARN_INT_CONVERSION = YES;
				CLANG_WARN_OBJC_ROOT_CLASS = YES_ERROR;
				CLANG_WARN_SUSPICIOUS_MOVE = YES;
				CLANG_WARN_UNREACHABLE_CODE = YES;
				CLANG_WARN__DUPLICATE_METHOD_MATCH = YES;
				"CODE_SIGN_IDENTITY[sdk=iphoneos*]" = "iPhone Developer";
				COPY_PHASE_STRIP = NO;
				DEBUG_INFORMATION_FORMAT = "dwarf-with-dsym";
				ENABLE_NS_ASSERTIONS = NO;
				ENABLE_STRICT_OBJC_MSGSEND = YES;
				GCC_C_LANGUAGE_STANDARD = gnu99;
				GCC_NO_COMMON_BLOCKS = YES;
				GCC_WARN_64_TO_32_BIT_CONVERSION = YES;
				GCC_WARN_ABOUT_RETURN_TYPE = YES_ERROR;
				GCC_WARN_UNDECLARED_SELECTOR = YES;
				GCC_WARN_UNINITIALIZED_AUTOS = YES_AGGRESSIVE;
				GCC_WARN_UNUSED_FUNCTION = YES;
				GCC_WARN_UNUSED_VARIABLE = YES;
				IPHONEOS_DEPLOYMENT_TARGET = 10.2;
				MTL_ENABLE_DEBUG_INFO = NO;
				SDKROOT = iphoneos;
				SWIFT_OPTIMIZATION_LEVEL = "-Owholemodule";
				VALIDATE_PRODUCT = YES;
			};
			name = Release;
		};
		AE5FC3071E9D972E00D625FE /* Debug */ = {
			isa = XCBuildConfiguration;
			buildSettings = {
				ASSETCATALOG_COMPILER_APPICON_NAME = AppIcon;
				DEVELOPMENT_TEAM = 46K95RX8SY;
				INFOPLIST_FILE = Core_Data_With_Swift_3/Info.plist;
				LD_RUNPATH_SEARCH_PATHS = "$(inherited) @executable_path/Frameworks";
				PRODUCT_BUNDLE_IDENTIFIER = "com.kefbytes.Core-Data-With-Swift-3";
				PRODUCT_NAME = "$(TARGET_NAME)";
				SWIFT_VERSION = 3.0;
			};
			name = Debug;
		};
		AE5FC3081E9D972E00D625FE /* Release */ = {
			isa = XCBuildConfiguration;
			buildSettings = {
				ASSETCATALOG_COMPILER_APPICON_NAME = AppIcon;
				DEVELOPMENT_TEAM = 46K95RX8SY;
				INFOPLIST_FILE = Core_Data_With_Swift_3/Info.plist;
				LD_RUNPATH_SEARCH_PATHS = "$(inherited) @executable_path/Frameworks";
				PRODUCT_BUNDLE_IDENTIFIER = "com.kefbytes.Core-Data-With-Swift-3";
				PRODUCT_NAME = "$(TARGET_NAME)";
				SWIFT_VERSION = 3.0;
			};
			name = Release;
		};
		AE5FC30A1E9D972E00D625FE /* Debug */ = {
			isa = XCBuildConfiguration;
			buildSettings = {
				ALWAYS_EMBED_SWIFT_STANDARD_LIBRARIES = YES;
				BUNDLE_LOADER = "$(TEST_HOST)";
				DEVELOPMENT_TEAM = 46K95RX8SY;
				INFOPLIST_FILE = Core_Data_With_Swift_3Tests/Info.plist;
				LD_RUNPATH_SEARCH_PATHS = "$(inherited) @executable_path/Frameworks @loader_path/Frameworks";
				PRODUCT_BUNDLE_IDENTIFIER = "com.kefbytes.Core-Data-With-Swift-3Tests";
				PRODUCT_NAME = "$(TARGET_NAME)";
				SWIFT_VERSION = 3.0;
				TEST_HOST = "$(BUILT_PRODUCTS_DIR)/Core_Data_With_Swift_3.app/Core_Data_With_Swift_3";
			};
			name = Debug;
		};
		AE5FC30B1E9D972E00D625FE /* Release */ = {
			isa = XCBuildConfiguration;
			buildSettings = {
				ALWAYS_EMBED_SWIFT_STANDARD_LIBRARIES = YES;
				BUNDLE_LOADER = "$(TEST_HOST)";
				DEVELOPMENT_TEAM = 46K95RX8SY;
				INFOPLIST_FILE = Core_Data_With_Swift_3Tests/Info.plist;
				LD_RUNPATH_SEARCH_PATHS = "$(inherited) @executable_path/Frameworks @loader_path/Frameworks";
				PRODUCT_BUNDLE_IDENTIFIER = "com.kefbytes.Core-Data-With-Swift-3Tests";
				PRODUCT_NAME = "$(TARGET_NAME)";
				SWIFT_VERSION = 3.0;
				TEST_HOST = "$(BUILT_PRODUCTS_DIR)/Core_Data_With_Swift_3.app/Core_Data_With_Swift_3";
			};
			name = Release;
		};
/* End XCBuildConfiguration section */

/* Begin XCConfigurationList section */
		AE5FC2E41E9D972D00D625FE /* Build configuration list for PBXProject "Core_Data_With_Swift_3" */ = {
			isa = XCConfigurationList;
			buildConfigurations = (
				AE5FC3041E9D972E00D625FE /* Debug */,
				AE5FC3051E9D972E00D625FE /* Release */,
			);
			defaultConfigurationIsVisible = 0;
			defaultConfigurationName = Release;
		};
		AE5FC3061E9D972E00D625FE /* Build configuration list for PBXNativeTarget "Core_Data_With_Swift_3" */ = {
			isa = XCConfigurationList;
			buildConfigurations = (
				AE5FC3071E9D972E00D625FE /* Debug */,
				AE5FC3081E9D972E00D625FE /* Release */,
			);
			defaultConfigurationIsVisible = 0;
			defaultConfigurationName = Release;
		};
		AE5FC3091E9D972E00D625FE /* Build configuration list for PBXNativeTarget "Core_Data_With_Swift_3Tests" */ = {
			isa = XCConfigurationList;
			buildConfigurations = (
				AE5FC30A1E9D972E00D625FE /* Debug */,
				AE5FC30B1E9D972E00D625FE /* Release */,
			);
			defaultConfigurationIsVisible = 0;
			defaultConfigurationName = Release;
		};
/* End XCConfigurationList section */

/* Begin XCVersionGroup section */
		AEC7B9E31E9EF11400323979 /* KefTestModel.xcdatamodeld */ = {
			isa = XCVersionGroup;
			children = (
				AEC7B9E41E9EF11400323979 /* KefTestModel.xcdatamodel */,
			);
			currentVersion = AEC7B9E41E9EF11400323979 /* KefTestModel.xcdatamodel */;
			path = KefTestModel.xcdatamodeld;
			sourceTree = "<group>";
			versionGroupType = wrapper.xcdatamodel;
		};
/* End XCVersionGroup section */
	};
	rootObject = AE5FC2E11E9D972D00D625FE /* Project object */;
}
